# @generated - this file is auto-generated by `mise lock` https://mise.jdx.dev/dev-tools/mise-lock.html

lockfile_version = 2

[[tools."npm:prettier"]]
version = "3.9.6"
aube = { path = ".mise/locks/npm-prettier/3.9.6", digest = "sha256:2713c3c98701fa080a728710d5ffc1fd688e231373b202ebfedd8997711157e5" }
backend = "npm:prettier"
specifiers = ["latest"]
